// !$*UTF8*$!
{
	archiveVersion = 1;
	classes = {
	};
	objectVersion = 50;
	objects = {

/* Begin PBXBuildFile section */
		3DCFDD0A28AE815400BBB512 /* AppDelegate.swift in Sources */ = {isa = PBXBuildFile; fileRef = 3DCFDD0928AE815400BBB512 /* AppDelegate.swift */; };
		3DCFDD0C28AE815400BBB512 /* ViewController.swift in Sources */ = {isa = PBXBuildFile; fileRef = 3DCFDD0B28AE815400BBB512 /* ViewController.swift */; };
		3DCFDD0F28AE815400BBB512 /* Main.storyboard in Resources */ = {isa = PBXBuildFile; fileRef = 3DCFDD0D28AE815400BBB512 /* Main.storyboard */; };
		3DCFDD1128AE815A00BBB512 /* Assets.xcassets in Resources */ = {isa = PBXBuildFile; fileRef = 3DCFDD1028AE815A00BBB512 /* Assets.xcassets */; };
		3DCFDD1428AE815A00BBB512 /* LaunchScreen.storyboard in Resources */ = {isa = PBXBuildFile; fileRef = 3DCFDD1228AE815A00BBB512 /* LaunchScreen.storyboard */; };
		3DCFDD1F28AE815A00BBB512 /* interaccionesTests.swift in Sources */ = {isa = PBXBuildFile; fileRef = 3DCFDD1E28AE815A00BBB512 /* interaccionesTests.swift */; };
		3DCFDD2A28AE815A00BBB512 /* interaccionesUITests.swift in Sources */ = {isa = PBXBuildFile; fileRef = 3DCFDD2928AE815A00BBB512 /* interaccionesUITests.swift */; };
/* End PBXBuildFile section */

/* Begin PBXContainerItemProxy section */
		3DCFDD1B28AE815A00BBB512 /* PBXContainerItemProxy */ = {
			isa = PBXContainerItemProxy;
			containerPortal = 3DCFDCFE28AE815300BBB512 /* Project object */;
			proxyType = 1;
			remoteGlobalIDString = 3DCFDD0528AE815300BBB512;
			remoteInfo = interacciones;
		};
		3DCFDD2628AE815A00BBB512 /* PBXContainerItemProxy */ = {
			isa = PBXContainerItemProxy;
			containerPortal = 3DCFDCFE28AE815300BBB512 /* Project object */;
			proxyType = 1;
			remoteGlobalIDString = 3DCFDD0528AE815300BBB512;
			remoteInfo = interacciones;
		};
/* End PBXContainerItemProxy section */

/* Begin PBXFileReference section */
		3DCFDD0628AE815400BBB512 /* interacciones.app */ = {isa = PBXFileReference; explicitFileType = wrapper.application; includeInIndex = 0; path = interacciones.app; sourceTree = BUILT_PRODUCTS_DIR; };
		3DCFDD0928AE815400BBB512 /* AppDelegate.swift */ = {isa = PBXFileReference; lastKnownFileType = sourcecode.swift; path = AppDelegate.swift; sourceTree = "<group>"; };
		3DCFDD0B28AE815400BBB512 /* ViewController.swift */ = {isa = PBXFileReference; lastKnownFileType = sourcecode.swift; path = ViewController.swift; sourceTree = "<group>"; };
		3DCFDD0E28AE815400BBB512 /* Base */ = {isa = PBXFileReference; lastKnownFileType = file.storyboard; name = Base; path = Base.lproj/Main.storyboard; sourceTree = "<group>"; };
		3DCFDD1028AE815A00BBB512 /* Assets.xcassets */ = {isa = PBXFileReference; lastKnownFileType = folder.assetcatalog; path = Assets.xcassets; sourceTree = "<group>"; };
		3DCFDD1328AE815A00BBB512 /* Base */ = {isa = PBXFileReference; lastKnownFileType = file.storyboard; name = Base; path = Base.lproj/LaunchScreen.storyboard; sourceTree = "<group>"; };
		3DCFDD1528AE815A00BBB512 /* Info.plist */ = {isa = PBXFileReference; lastKnownFileType = text.plist.xml; path = Info.plist; sourceTree = "<group>"; };
		3DCFDD1A28AE815A00BBB512 /* interaccionesTests.xctest */ = {isa = PBXFileReference; explicitFileType = wrapper.cfbundle; includeInIndex = 0; path = interaccionesTests.xctest; sourceTree = BUILT_PRODUCTS_DIR; };
		3DCFDD1E28AE815A00BBB512 /* interaccionesTests.swift */ = {isa = PBXFileReference; lastKnownFileType = sourcecode.swift; path = interaccionesTests.swift; sourceTree = "<group>"; };
		3DCFDD2028AE815A00BBB512 /* Info.plist */ = {isa = PBXFileReference; lastKnownFileType = text.plist.xml; path = Info.plist; sourceTree = "<group>"; };
		3DCFDD2528AE815A00BBB512 /* interaccionesUITests.xctest */ = {isa = PBXFileReference; explicitFileType = wrapper.cfbundle; includeInIndex = 0; path = interaccionesUITests.xctest; sourceTree = BUILT_PRODUCTS_DIR; };
		3DCFDD2928AE815A00BBB512 /* interaccionesUITests.swift */ = {isa = PBXFileReference; lastKnownFileType = sourcecode.swift; path = interaccionesUITests.swift; sourceTree = "<group>"; };
		3DCFDD2B28AE815A00BBB512 /* Info.plist */ = {isa = PBXFileReference; lastKnownFileType = text.plist.xml; path = Info.plist; sourceTree = "<group>"; };
/* End PBXFileReference section */

/* Begin PBXFrameworksBuildPhase section */
		3DCFDD0328AE815300BBB512 /* Frameworks */ = {
			isa = PBXFrameworksBuildPhase;
			buildActionMask = 2147483647;
			files = (
			);
			runOnlyForDeploymentPostprocessing = 0;
		};
		3DCFDD1728AE815A00BBB512 /* Frameworks */ = {
			isa = PBXFrameworksBuildPhase;
			buildActionMask = 2147483647;
			files = (
			);
			runOnlyForDeploymentPostprocessing = 0;
		};
		3DCFDD2228AE815A00BBB512 /* Frameworks */ = {
			isa = PBXFrameworksBuildPhase;
			buildActionMask = 2147483647;
			files = (
			);
			runOnlyForDeploymentPostprocessing = 0;
		};
/* End PBXFrameworksBuildPhase section */

/* Begin PBXGroup section */
		3DCFDCFD28AE815300BBB512 = {
			isa = PBXGroup;
			children = (
				3DCFDD0828AE815400BBB512 /* interacciones */,
				3DCFDD1D28AE815A00BBB512 /* interaccionesTests */,
				3DCFDD2828AE815A00BBB512 /* interaccionesUITests */,
				3DCFDD0728AE815400BBB512 /* Products */,
			);
			sourceTree = "<group>";
		};
		3DCFDD0728AE815400BBB512 /* Products */ = {
			isa = PBXGroup;
			children = (
				3DCFDD0628AE815400BBB512 /* interacciones.app */,
				3DCFDD1A28AE815A00BBB512 /* interaccionesTests.xctest */,
				3DCFDD2528AE815A00BBB512 /* interaccionesUITests.xctest */,
			);
			name = Products;
			sourceTree = "<group>";
		};
		3DCFDD0828AE815400BBB512 /* interacciones */ = {
			isa = PBXGroup;
			children = (
				3DCFDD0928AE815400BBB512 /* AppDelegate.swift */,
				3DCFDD0B28AE815400BBB512 /* ViewController.swift */,
				3DCFDD0D28AE815400BBB512 /* Main.storyboard */,
				3DCFDD1028AE815A00BBB512 /* Assets.xcassets */,
				3DCFDD1228AE815A00BBB512 /* LaunchScreen.storyboard */,
				3DCFDD1528AE815A00BBB512 /* Info.plist */,
			);
			path = interacciones;
			sourceTree = "<group>";
		};
		3DCFDD1D28AE815A00BBB512 /* interaccionesTests */ = {
			isa = PBXGroup;
			children = (
				3DCFDD1E28AE815A00BBB512 /* interaccionesTests.swift */,
				3DCFDD2028AE815A00BBB512 /* Info.plist */,
			);
			path = interaccionesTests;
			sourceTree = "<group>";
		};
		3DCFDD2828AE815A00BBB512 /* interaccionesUITests */ = {
			isa = PBXGroup;
			children = (
				3DCFDD2928AE815A00BBB512 /* interaccionesUITests.swift */,
				3DCFDD2B28AE815A00BBB512 /* Info.plist */,
			);
			path = interaccionesUITests;
			sourceTree = "<group>";
		};
/* End PBXGroup section */

/* Begin PBXNativeTarget section */
		3DCFDD0528AE815300BBB512 /* interacciones */ = {
			isa = PBXNativeTarget;
			buildConfigurationList = 3DCFDD2E28AE815A00BBB512 /* Build configuration list for PBXNativeTarget "interacciones" */;
			buildPhases = (
				3DCFDD0228AE815300BBB512 /* Sources */,
				3DCFDD0328AE815300BBB512 /* Frameworks */,
				3DCFDD0428AE815300BBB512 /* Resources */,
			);
			buildRules = (
			);
			dependencies = (
			);
			name = interacciones;
			productName = interacciones;
			productReference = 3DCFDD0628AE815400BBB512 /* interacciones.app */;
			productType = "com.apple.product-type.application";
		};
		3DCFDD1928AE815A00BBB512 /* interaccionesTests */ = {
			isa = PBXNativeTarget;
			buildConfigurationList = 3DCFDD3128AE815A00BBB512 /* Build configuration list for PBXNativeTarget "interaccionesTests" */;
			buildPhases = (
				3DCFDD1628AE815A00BBB512 /* Sources */,
				3DCFDD1728AE815A00BBB512 /* Frameworks */,
				3DCFDD1828AE815A00BBB512 /* Resources */,
			);
			buildRules = (
			);
			dependencies = (
				3DCFDD1C28AE815A00BBB512 /* PBXTargetDependency */,
			);
			name = interaccionesTests;
			productName = interaccionesTests;
			productReference = 3DCFDD1A28AE815A00BBB512 /* interaccionesTests.xctest */;
			productType = "com.apple.product-type.bundle.unit-test";
		};
		3DCFDD2428AE815A00BBB512 /* interaccionesUITests */ = {
			isa = PBXNativeTarget;
			buildConfigurationList = 3DCFDD3428AE815A00BBB512 /* Build configuration list for PBXNativeTarget "interaccionesUITests" */;
			buildPhases = (
				3DCFDD2128AE815A00BBB512 /* Sources */,
				3DCFDD2228AE815A00BBB512 /* Frameworks */,
				3DCFDD2328AE815A00BBB512 /* Resources */,
			);
			buildRules = (
			);
			dependencies = (
				3DCFDD2728AE815A00BBB512 /* PBXTargetDependency */,
			);
			name = interaccionesUITests;
			productName = interaccionesUITests;
			productReference = 3DCFDD2528AE815A00BBB512 /* interaccionesUITests.xctest */;
			productType = "com.apple.product-type.bundle.ui-testing";
		};
/* End PBXNativeTarget section */

/* Begin PBXProject section */
		3DCFDCFE28AE815300BBB512 /* Project object */ = {
			isa = PBXProject;
			attributes = {
				LastSwiftUpdateCheck = 1030;
				LastUpgradeCheck = 1030;
				ORGANIZATIONNAME = Alumno;
				TargetAttributes = {
					3DCFDD0528AE815300BBB512 = {
						CreatedOnToolsVersion = 10.3;
					};
					3DCFDD1928AE815A00BBB512 = {
						CreatedOnToolsVersion = 10.3;
						TestTargetID = 3DCFDD0528AE815300BBB512;
					};
					3DCFDD2428AE815A00BBB512 = {
						CreatedOnToolsVersion = 10.3;
						TestTargetID = 3DCFDD0528AE815300BBB512;
					};
				};
			};
			buildConfigurationList = 3DCFDD0128AE815300BBB512 /* Build configuration list for PBXProject "interacciones" */;
			compatibilityVersion = "Xcode 9.3";
			developmentRegion = en;
			hasScannedForEncodings = 0;
			knownRegions = (
				en,
				Base,
			);
			mainGroup = 3DCFDCFD28AE815300BBB512;
			productRefGroup = 3DCFDD0728AE815400BBB512 /* Products */;
			projectDirPath = "";
			projectRoot = "";
			targets = (
				3DCFDD0528AE815300BBB512 /* interacciones */,
				3DCFDD1928AE815A00BBB512 /* interaccionesTests */,
				3DCFDD2428AE815A00BBB512 /* interaccionesUITests */,
			);
		};
/* End PBXProject section */

/* Begin PBXResourcesBuildPhase section */
		3DCFDD0428AE815300BBB512 /* Resources */ = {
			isa = PBXResourcesBuildPhase;
			buildActionMask = 2147483647;
			files = (
				3DCFDD1428AE815A00BBB512 /* LaunchScreen.storyboard in Resources */,
				3DCFDD1128AE815A00BBB512 /* Assets.xcassets in Resources */,
				3DCFDD0F28AE815400BBB512 /* Main.storyboard in Resources */,
			);
			runOnlyForDeploymentPostprocessing = 0;
		};
		3DCFDD1828AE815A00BBB512 /* Resources */ = {
			isa = PBXResourcesBuildPhase;
			buildActionMask = 2147483647;
			files = (
			);
			runOnlyForDeploymentPostprocessing = 0;
		};
		3DCFDD2328AE815A00BBB512 /* Resources */ = {
			isa = PBXResourcesBuildPhase;
			buildActionMask = 2147483647;
			files = (
			);
			runOnlyForDeploymentPostprocessing = 0;
		};
/* End PBXResourcesBuildPhase section */

/* Begin PBXSourcesBuildPhase section */
		3DCFDD0228AE815300BBB512 /* Sources */ = {
			isa = PBXSourcesBuildPhase;
			buildActionMask = 2147483647;
			files = (
				3DCFDD0C28AE815400BBB512 /* ViewController.swift in Sources */,
				3DCFDD0A28AE815400BBB512 /* AppDelegate.swift in Sources */,
			);
			runOnlyForDeploymentPostprocessing = 0;
		};
		3DCFDD1628AE815A00BBB512 /* Sources */ = {
			isa = PBXSourcesBuildPhase;
			buildActionMask = 2147483647;
			files = (
				3DCFDD1F28AE815A00BBB512 /* interaccionesTests.swift in Sources */,
			);
			runOnlyForDeploymentPostprocessing = 0;
		};
		3DCFDD2128AE815A00BBB512 /* Sources */ = {
			isa = PBXSourcesBuildPhase;
			buildActionMask = 2147483647;
			files = (
				3DCFDD2A28AE815A00BBB512 /* interaccionesUITests.swift in Sources */,
			);
			runOnlyForDeploymentPostprocessing = 0;
		};
/* End PBXSourcesBuildPhase section */

/* Begin PBXTargetDependency section */
		3DCFDD1C28AE815A00BBB512 /* PBXTargetDependency */ = {
			isa = PBXTargetDependency;
			target = 3DCFDD0528AE815300BBB512 /* interacciones */;
			targetProxy = 3DCFDD1B28AE815A00BBB512 /* PBXContainerItemProxy */;
		};
		3DCFDD2728AE815A00BBB512 /* PBXTargetDependency */ = {
			isa = PBXTargetDependency;
			target = 3DCFDD0528AE815300BBB512 /* interacciones */;
			targetProxy = 3DCFDD2628AE815A00BBB512 /* PBXContainerItemProxy */;
		};
/* End PBXTargetDependency section */

/* Begin PBXVariantGroup section */
		3DCFDD0D28AE815400BBB512 /* Main.storyboard */ = {
			isa = PBXVariantGroup;
			children = (
				3DCFDD0E28AE815400BBB512 /* Base */,
			);
			name = Main.storyboard;
			sourceTree = "<group>";
		};
		3DCFDD1228AE815A00BBB512 /* LaunchScreen.storyboard */ = {
			isa = PBXVariantGroup;
			children = (
				3DCFDD1328AE815A00BBB512 /* Base */,
			);
			name = LaunchScreen.storyboard;
			sourceTree = "<group>";
		};
/* End PBXVariantGroup section */

/* Begin XCBuildConfiguration section */
		3DCFDD2C28AE815A00BBB512 /* Debug */ = {
			isa = XCBuildConfiguration;
			buildSettings = {
				ALWAYS_SEARCH_USER_PATHS = NO;
				CLANG_ANALYZER_NONNULL = YES;
				CLANG_ANALYZER_NUMBER_OBJECT_CONVERSION = YES_AGGRESSIVE;
				CLANG_CXX_LANGUAGE_STANDARD = "gnu++14";
				CLANG_CXX_LIBRARY = "libc++";
				CLANG_ENABLE_MODULES = YES;
				CLANG_ENABLE_OBJC_ARC = YES;
				CLANG_ENABLE_OBJC_WEAK = YES;
				CLANG_WARN_BLOCK_CAPTURE_AUTORELEASING = YES;
				CLANG_WARN_BOOL_CONVERSION = YES;
				CLANG_WARN_COMMA = YES;
				CLANG_WARN_CONSTANT_CONVERSION = YES;
				CLANG_WARN_DEPRECATED_OBJC_IMPLEMENTATIONS = YES;
				CLANG_WARN_DIRECT_OBJC_ISA_USAGE = YES_ERROR;
				CLANG_WARN_DOCUMENTATION_COMMENTS = YES;
				CLANG_WARN_EMPTY_BODY = YES;
				CLANG_WARN_ENUM_CONVERSION = YES;
				CLANG_WARN_INFINITE_RECURSION = YES;
				CLANG_WARN_INT_CONVERSION = YES;
				CLANG_WARN_NON_LITERAL_NULL_CONVERSION = YES;
				CLANG_WARN_OBJC_IMPLICIT_RETAIN_SELF = YES;
				CLANG_WARN_OBJC_LITERAL_CONVERSION = YES;
				CLANG_WARN_OBJC_ROOT_CLASS = YES_ERROR;
				CLANG_WARN_RANGE_LOOP_ANALYSIS = YES;
				CLANG_WARN_STRICT_PROTOTYPES = YES;
				CLANG_WARN_SUSPICIOUS_MOVE = YES;
				CLANG_WARN_UNGUARDED_AVAILABILITY = YES_AGGRESSIVE;
				CLANG_WARN_UNREACHABLE_CODE = YES;
				CLANG_WARN__DUPLICATE_METHOD_MATCH = YES;
				CODE_SIGN_IDENTITY = "iPhone Developer";
				COPY_PHASE_STRIP = NO;
				DEBUG_INFORMATION_FORMAT = dwarf;
				ENABLE_STRICT_OBJC_MSGSEND = YES;
				ENABLE_TESTABILITY = YES;
				GCC_C_LANGUAGE_STANDARD = gnu11;
				GCC_DYNAMIC_NO_PIC = NO;
				GCC_NO_COMMON_BLOCKS = YES;
				GCC_OPTIMIZATION_LEVEL = 0;
				GCC_PREPROCESSOR_DEFINITIONS = (
					"DEBUG=1",
					"$(inherited)",
				);
				GCC_WARN_64_TO_32_BIT_CONVERSION = YES;
				GCC_WARN_ABOUT_RETURN_TYPE = YES_ERROR;
				GCC_WARN_UNDECLARED_SELECTOR = YES;
				GCC_WARN_UNINITIALIZED_AUTOS = YES_AGGRESSIVE;
				GCC_WARN_UNUSED_FUNCTION = YES;
				GCC_WARN_UNUSED_VARIABLE = YES;
				IPHONEOS_DEPLOYMENT_TARGET = 12.4;
				MTL_ENABLE_DEBUG_INFO = INCLUDE_SOURCE;
				MTL_FAST_MATH = YES;
				ONLY_ACTIVE_ARCH = YES;
				SDKROOT = iphoneos;
				SWIFT_ACTIVE_COMPILATION_CONDITIONS = DEBUG;
				SWIFT_OPTIMIZATION_LEVEL = "-Onone";
			};
			name = Debug;
		};
		3DCFDD2D28AE815A00BBB512 /* Release */ = {
			isa = XCBuildConfiguration;
			buildSettings = {
				ALWAYS_SEARCH_USER_PATHS = NO;
				CLANG_ANALYZER_NONNULL = YES;
				CLANG_ANALYZER_NUMBER_OBJECT_CONVERSION = YES_AGGRESSIVE;
				CLANG_CXX_LANGUAGE_STANDARD = "gnu++14";
				CLANG_CXX_LIBRARY = "libc++";
				CLANG_ENABLE_MODULES = YES;
				CLANG_ENABLE_OBJC_ARC = YES;
				CLANG_ENABLE_OBJC_WEAK = YES;
				CLANG_WARN_BLOCK_CAPTURE_AUTORELEASING = YES;
				CLANG_WARN_BOOL_CONVERSION = YES;
				CLANG_WARN_COMMA = YES;
				CLANG_WARN_CONSTANT_CONVERSION = YES;
				CLANG_WARN_DEPRECATED_OBJC_IMPLEMENTATIONS = YES;
				CLANG_WARN_DIRECT_OBJC_ISA_USAGE = YES_ERROR;
				CLANG_WARN_DOCUMENTATION_COMMENTS = YES;
				CLANG_WARN_EMPTY_BODY = YES;
				CLANG_WARN_ENUM_CONVERSION = YES;
				CLANG_WARN_INFINITE_RECURSION = YES;
				CLANG_WARN_INT_CONVERSION = YES;
				CLANG_WARN_NON_LITERAL_NULL_CONVERSION = YES;
				CLANG_WARN_OBJC_IMPLICIT_RETAIN_SELF = YES;
				CLANG_WARN_OBJC_LITERAL_CONVERSION = YES;
				CLANG_WARN_OBJC_ROOT_CLASS = YES_ERROR;
				CLANG_WARN_RANGE_LOOP_ANALYSIS = YES;
				CLANG_WARN_STRICT_PROTOTYPES = YES;
				CLANG_WARN_SUSPICIOUS_MOVE = YES;
				CLANG_WARN_UNGUARDED_AVAILABILITY = YES_AGGRESSIVE;
				CLANG_WARN_UNREACHABLE_CODE = YES;
				CLANG_WARN__DUPLICATE_METHOD_MATCH = YES;
				CODE_SIGN_IDENTITY = "iPhone Developer";
				COPY_PHASE_STRIP = NO;
				DEBUG_INFORMATION_FORMAT = "dwarf-with-dsym";
				ENABLE_NS_ASSERTIONS = NO;
				ENABLE_STRICT_OBJC_MSGSEND = YES;
				GCC_C_LANGUAGE_STANDARD = gnu11;
				GCC_NO_COMMON_BLOCKS = YES;
				GCC_WARN_64_TO_32_BIT_CONVERSION = YES;
				GCC_WARN_ABOUT_RETURN_TYPE = YES_ERROR;
				GCC_WARN_UNDECLARED_SELECTOR = YES;
				GCC_WARN_UNINITIALIZED_AUTOS = YES_AGGRESSIVE;
				GCC_WARN_UNUSED_FUNCTION = YES;
				GCC_WARN_UNUSED_VARIABLE = YES;
				IPHONEOS_DEPLOYMENT_TARGET = 12.4;
				MTL_ENABLE_DEBUG_INFO = NO;
				MTL_FAST_MATH = YES;
				SDKROOT = iphoneos;
				SWIFT_COMPILATION_MODE = wholemodule;
				SWIFT_OPTIMIZATION_LEVEL = "-O";
				VALIDATE_PRODUCT = YES;
			};
			name = Release;
		};
		3DCFDD2F28AE815A00BBB512 /* Debug */ = {
			isa = XCBuildConfiguration;
			buildSettings = {
				ASSETCATALOG_COMPILER_APPICON_NAME = AppIcon;
				CODE_SIGN_STYLE = Automatic;
				INFOPLIST_FILE = interacciones/Info.plist;
				LD_RUNPATH_SEARCH_PATHS = (
					"$(inherited)",
					"@executable_path/Frameworks",
				);
				PRODUCT_BUNDLE_IDENTIFIER = edu.ulsa.interacciones;
				PRODUCT_NAME = "$(TARGET_NAME)";
				SWIFT_VERSION = 5.0;
				TARGETED_DEVICE_FAMILY = "1,2";
			};
			name = Debug;
		};
		3DCFDD3028AE815A00BBB512 /* Release */ = {
			isa = XCBuildConfiguration;
			buildSettings = {
				ASSETCATALOG_COMPILER_APPICON_NAME = AppIcon;
				CODE_SIGN_STYLE = Automatic;
				INFOPLIST_FILE = interacciones/Info.plist;
				LD_RUNPATH_SEARCH_PATHS = (
					"$(inherited)",
					"@executable_path/Frameworks",
				);
				PRODUCT_BUNDLE_IDENTIFIER = edu.ulsa.interacciones;
				PRODUCT_NAME = "$(TARGET_NAME)";
				SWIFT_VERSION = 5.0;
				TARGETED_DEVICE_FAMILY = "1,2";
			};
			name = Release;
		};
		3DCFDD3228AE815A00BBB512 /* Debug */ = {
			isa = XCBuildConfiguration;
			buildSettings = {
				ALWAYS_EMBED_SWIFT_STANDARD_LIBRARIES = YES;
				BUNDLE_LOADER = "$(TEST_HOST)";
				CODE_SIGN_STYLE = Automatic;
				INFOPLIST_FILE = interaccionesTests/Info.plist;
				LD_RUNPATH_SEARCH_PATHS = (
					"$(inherited)",
					"@executable_path/Frameworks",
					"@loader_path/Frameworks",
				);
				PRODUCT_BUNDLE_IDENTIFIER = edu.ulsa.interaccionesTests;
				PRODUCT_NAME = "$(TARGET_NAME)";
				SWIFT_VERSION = 5.0;
				TARGETED_DEVICE_FAMILY = "1,2";
				TEST_HOST = "$(BUILT_PRODUCTS_DIR)/interacciones.app/interacciones";
			};
			name = Debug;
		};
		3DCFDD3328AE815A00BBB512 /* Release */ = {
			isa = XCBuildConfiguration;
			buildSettings = {
				ALWAYS_EMBED_SWIFT_STANDARD_LIBRARIES = YES;
				BUNDLE_LOADER = "$(TEST_HOST)";
				CODE_SIGN_STYLE = Automatic;
				INFOPLIST_FILE = interaccionesTests/Info.plist;
				LD_RUNPATH_SEARCH_PATHS = (
					"$(inherited)",
					"@executable_path/Frameworks",
					"@loader_path/Frameworks",
				);
				PRODUCT_BUNDLE_IDENTIFIER = edu.ulsa.interaccionesTests;
				PRODUCT_NAME = "$(TARGET_NAME)";
				SWIFT_VERSION = 5.0;
				TARGETED_DEVICE_FAMILY = "1,2";
				TEST_HOST = "$(BUILT_PRODUCTS_DIR)/interacciones.app/interacciones";
			};
			name = Release;
		};
		3DCFDD3528AE815A00BBB512 /* Debug */ = {
			isa = XCBuildConfiguration;
			buildSettings = {
				ALWAYS_EMBED_SWIFT_STANDARD_LIBRARIES = YES;
				CODE_SIGN_STYLE = Automatic;
				INFOPLIST_FILE = interaccionesUITests/Info.plist;
				LD_RUNPATH_SEARCH_PATHS = (
					"$(inherited)",
					"@executable_path/Frameworks",
					"@loader_path/Frameworks",
				);
				PRODUCT_BUNDLE_IDENTIFIER = edu.ulsa.interaccionesUITests;
				PRODUCT_NAME = "$(TARGET_NAME)";
				SWIFT_VERSION = 5.0;
				TARGETED_DEVICE_FAMILY = "1,2";
				TEST_TARGET_NAME = interacciones;
			};
			name = Debug;
		};
		3DCFDD3628AE815A00BBB512 /* Release */ = {
			isa = XCBuildConfiguration;
			buildSettings = {
				ALWAYS_EMBED_SWIFT_STANDARD_LIBRARIES = YES;
				CODE_SIGN_STYLE = Automatic;
				INFOPLIST_FILE = interaccionesUITests/Info.plist;
				LD_RUNPATH_SEARCH_PATHS = (
					"$(inherited)",
					"@executable_path/Frameworks",
					"@loader_path/Frameworks",
				);
				PRODUCT_BUNDLE_IDENTIFIER = edu.ulsa.interaccionesUITests;
				PRODUCT_NAME = "$(TARGET_NAME)";
				SWIFT_VERSION = 5.0;
				TARGETED_DEVICE_FAMILY = "1,2";
				TEST_TARGET_NAME = interacciones;
			};
			name = Release;
		};
/* End XCBuildConfiguration section */

/* Begin XCConfigurationList section */
		3DCFDD0128AE815300BBB512 /* Build configuration list for PBXProject "interacciones" */ = {
			isa = XCConfigurationList;
			buildConfigurations = (
				3DCFDD2C28AE815A00BBB512 /* Debug */,
				3DCFDD2D28AE815A00BBB512 /* Release */,
			);
			defaultConfigurationIsVisible = 0;
			defaultConfigurationName = Release;
		};
		3DCFDD2E28AE815A00BBB512 /* Build configuration list for PBXNativeTarget "interacciones" */ = {
			isa = XCConfigurationList;
			buildConfigurations = (
				3DCFDD2F28AE815A00BBB512 /* Debug */,
				3DCFDD3028AE815A00BBB512 /* Release */,
			);
			defaultConfigurationIsVisible = 0;
			defaultConfigurationName = Release;
		};
		3DCFDD3128AE815A00BBB512 /* Build configuration list for PBXNativeTarget "interaccionesTests" */ = {
			isa = XCConfigurationList;
			buildConfigurations = (
				3DCFDD3228AE815A00BBB512 /* Debug */,
				3DCFDD3328AE815A00BBB512 /* Release */,
			);
			defaultConfigurationIsVisible = 0;
			defaultConfigurationName = Release;
		};
		3DCFDD3428AE815A00BBB512 /* Build configuration list for PBXNativeTarget "interaccionesUITests" */ = {
			isa = XCConfigurationList;
			buildConfigurations = (
				3DCFDD3528AE815A00BBB512 /* Debug */,
				3DCFDD3628AE815A00BBB512 /* Release */,
			);
			defaultConfigurationIsVisible = 0;
			defaultConfigurationName = Release;
		};
/* End XCConfigurationList section */
	};
	rootObject = 3DCFDCFE28AE815300BBB512 /* Project object */;
}
